
Microsoft Visual Studio Solution File, Format Version 12.00
# Visual Studio Version 17
VisualStudioVersion = 17.1.32328.378
MinimumVisualStudioVersion = 10.0.40219.1
Project("{FAE04EC0-301F-11D3-BF4B-00C04F79EFBC}") = "Exercise01", "Class 03 - Homework\Exercise01.csproj", "{CBADB474-C78C-4BCA-B38F-A066EEE2BAC6}"
EndProject
Global
	GlobalSection(SolutionConfigurationPlatforms) = preSolution
		Debug|Any CPU = Debug|Any CPU
		Release|Any CPU = Release|Any CPU
	EndGlobalSection
	GlobalSection(ProjectConfigurationPlatforms) = postSolution
		{CBADB474-C78C-4BCA-B38F-A066EEE2BAC6}.Debug|Any CPU.ActiveCfg = Debug|Any CPU
		{CBADB474-C78C-4BCA-B38F-A066EEE2BAC6}.Debug|Any CPU.Build.0 = Debug|Any CPU
		{CBADB474-C78C-4BCA-B38F-A066EEE2BAC6}.Release|Any CPU.ActiveCfg = Release|Any CPU
		{CBADB474-C78C-4BCA-B38F-A066EEE2BAC6}.Release|Any CPU.Build.0 = Release|Any CPU
	EndGlobalSection
	GlobalSection(SolutionProperties) = preSolution
		HideSolutionNode = FALSE
	EndGlobalSection
	GlobalSection(ExtensibilityGlobals) = postSolution
		SolutionGuid = {D2DBC0D1-13A2-4946-B53E-F51D53707D3D}
	EndGlobalSection
EndGlobal
